// !$*UTF8*$!
{
	archiveVersion = 1;
	classes = {
	};
	objectVersion = 52;
	objects = {

/* Begin PBXBuildFile section */
		563E3A4A26FB643100F2798E /* EpisodeView.swift in Sources */ = {isa = PBXBuildFile; fileRef = 563E3A4926FB643100F2798E /* EpisodeView.swift */; };
		56B20CC226EB975100B5B766 /* Trailer.swift in Sources */ = {isa = PBXBuildFile; fileRef = 56B20CC126EB975100B5B766 /* Trailer.swift */; };
		56B20CC426EB99B600B5B766 /* SwiftUIVideoView.swift in Sources */ = {isa = PBXBuildFile; fileRef = 56B20CC326EB99B600B5B766 /* SwiftUIVideoView.swift */; };
		56B20CC726EB9BB000B5B766 /* VideoPreviewImage.swift in Sources */ = {isa = PBXBuildFile; fileRef = 56B20CC626EB9BB000B5B766 /* VideoPreviewImage.swift */; };
		56B20CC926EBA05D00B5B766 /* TrailerList.swift in Sources */ = {isa = PBXBuildFile; fileRef = 56B20CC826EBA05D00B5B766 /* TrailerList.swift */; };
		56BEFD3626E1003800EE17DE /* Movie.swift in Sources */ = {isa = PBXBuildFile; fileRef = 56BEFD3526E1003800EE17DE /* Movie.swift */; };
		56BEFD3826E1004E00EE17DE /* GlobalHelpers.swift in Sources */ = {isa = PBXBuildFile; fileRef = 56BEFD3726E1004E00EE17DE /* GlobalHelpers.swift */; };
		56BEFD3A26E1006500EE17DE /* StandardHomeMovie.swift in Sources */ = {isa = PBXBuildFile; fileRef = 56BEFD3926E1006500EE17DE /* StandardHomeMovie.swift */; };
		56BEFD3C26E105E700EE17DE /* HomeVM.swift in Sources */ = {isa = PBXBuildFile; fileRef = 56BEFD3B26E105E700EE17DE /* HomeVM.swift */; };
		56C4EC8F26E554CD005132A8 /* MovieDetail.swift in Sources */ = {isa = PBXBuildFile; fileRef = 56C4EC8E26E554CD005132A8 /* MovieDetail.swift */; };
		56D76C2826E61A53008F2751 /* Episode.swift in Sources */ = {isa = PBXBuildFile; fileRef = 56D76C2726E61A53008F2751 /* Episode.swift */; };
		56E1286826DF738C0054D850 /* Kingfisher in Frameworks */ = {isa = PBXBuildFile; productRef = 56E1286726DF738C0054D850 /* Kingfisher */; };
		56E8222F26E24C080013A5EF /* TopMoviePreview.swift in Sources */ = {isa = PBXBuildFile; fileRef = 56E8222E26E24C080013A5EF /* TopMoviePreview.swift */; };
		56E8223426E25D590013A5EF /* SmallVerticalButton.swift in Sources */ = {isa = PBXBuildFile; fileRef = 56E8223326E25D580013A5EF /* SmallVerticalButton.swift */; };
		56E8223826E26E860013A5EF /* RectangleButton.swift in Sources */ = {isa = PBXBuildFile; fileRef = 56E8223726E26E860013A5EF /* RectangleButton.swift */; };
		56F92E3726E7AFE2004F1AF0 /* CustomTabSwitcher.swift in Sources */ = {isa = PBXBuildFile; fileRef = 56F92E3626E7AFE2004F1AF0 /* CustomTabSwitcher.swift */; };
		56F92E3926E7C27B004F1AF0 /* MoreLikeThis.swift in Sources */ = {isa = PBXBuildFile; fileRef = 56F92E3826E7C27B004F1AF0 /* MoreLikeThis.swift */; };
		56FF01BC26DE4FD1000EF611 /* NetflixCloneApp.swift in Sources */ = {isa = PBXBuildFile; fileRef = 56FF01BB26DE4FD1000EF611 /* NetflixCloneApp.swift */; };
		56FF01C026DE4FD5000EF611 /* Assets.xcassets in Resources */ = {isa = PBXBuildFile; fileRef = 56FF01BF26DE4FD5000EF611 /* Assets.xcassets */; };
		56FF01C326DE4FD5000EF611 /* Preview Assets.xcassets in Resources */ = {isa = PBXBuildFile; fileRef = 56FF01C226DE4FD5000EF611 /* Preview Assets.xcassets */; };
		56FF01CD26DE78C0000EF611 /* HomeView.swift in Sources */ = {isa = PBXBuildFile; fileRef = 56FF01CC26DE78C0000EF611 /* HomeView.swift */; };
/* End PBXBuildFile section */

/* Begin PBXFileReference section */
		563E3A4926FB643100F2798E /* EpisodeView.swift */ = {isa = PBXFileReference; lastKnownFileType = sourcecode.swift; path = EpisodeView.swift; sourceTree = "<group>"; };
		56B20CC126EB975100B5B766 /* Trailer.swift */ = {isa = PBXFileReference; lastKnownFileType = sourcecode.swift; path = Trailer.swift; sourceTree = "<group>"; };
		56B20CC326EB99B600B5B766 /* SwiftUIVideoView.swift */ = {isa = PBXFileReference; lastKnownFileType = sourcecode.swift; path = SwiftUIVideoView.swift; sourceTree = "<group>"; };
		56B20CC626EB9BB000B5B766 /* VideoPreviewImage.swift */ = {isa = PBXFileReference; lastKnownFileType = sourcecode.swift; path = VideoPreviewImage.swift; sourceTree = "<group>"; };
		56B20CC826EBA05D00B5B766 /* TrailerList.swift */ = {isa = PBXFileReference; lastKnownFileType = sourcecode.swift; path = TrailerList.swift; sourceTree = "<group>"; };
		56BEFD3526E1003800EE17DE /* Movie.swift */ = {isa = PBXFileReference; lastKnownFileType = sourcecode.swift; path = Movie.swift; sourceTree = "<group>"; };
		56BEFD3726E1004E00EE17DE /* GlobalHelpers.swift */ = {isa = PBXFileReference; lastKnownFileType = sourcecode.swift; path = GlobalHelpers.swift; sourceTree = "<group>"; };
		56BEFD3926E1006500EE17DE /* StandardHomeMovie.swift */ = {isa = PBXFileReference; lastKnownFileType = sourcecode.swift; path = StandardHomeMovie.swift; sourceTree = "<group>"; };
		56BEFD3B26E105E700EE17DE /* HomeVM.swift */ = {isa = PBXFileReference; lastKnownFileType = sourcecode.swift; path = HomeVM.swift; sourceTree = "<group>"; };
		56C4EC8E26E554CD005132A8 /* MovieDetail.swift */ = {isa = PBXFileReference; lastKnownFileType = sourcecode.swift; path = MovieDetail.swift; sourceTree = "<group>"; };
		56D76C2726E61A53008F2751 /* Episode.swift */ = {isa = PBXFileReference; lastKnownFileType = sourcecode.swift; path = Episode.swift; sourceTree = "<group>"; };
		56E8222E26E24C080013A5EF /* TopMoviePreview.swift */ = {isa = PBXFileReference; lastKnownFileType = sourcecode.swift; path = TopMoviePreview.swift; sourceTree = "<group>"; };
		56E8223326E25D580013A5EF /* SmallVerticalButton.swift */ = {isa = PBXFileReference; lastKnownFileType = sourcecode.swift; path = SmallVerticalButton.swift; sourceTree = "<group>"; };
		56E8223726E26E860013A5EF /* RectangleButton.swift */ = {isa = PBXFileReference; lastKnownFileType = sourcecode.swift; path = RectangleButton.swift; sourceTree = "<group>"; };
		56F92E3626E7AFE2004F1AF0 /* CustomTabSwitcher.swift */ = {isa = PBXFileReference; lastKnownFileType = sourcecode.swift; path = CustomTabSwitcher.swift; sourceTree = "<group>"; };
		56F92E3826E7C27B004F1AF0 /* MoreLikeThis.swift */ = {isa = PBXFileReference; lastKnownFileType = sourcecode.swift; path = MoreLikeThis.swift; sourceTree = "<group>"; };
		56FF01B826DE4FD1000EF611 /* NetflixClone.app */ = {isa = PBXFileReference; explicitFileType = wrapper.application; includeInIndex = 0; path = NetflixClone.app; sourceTree = BUILT_PRODUCTS_DIR; };
		56FF01BB26DE4FD1000EF611 /* NetflixCloneApp.swift */ = {isa = PBXFileReference; lastKnownFileType = sourcecode.swift; path = NetflixCloneApp.swift; sourceTree = "<group>"; };
		56FF01BF26DE4FD5000EF611 /* Assets.xcassets */ = {isa = PBXFileReference; lastKnownFileType = folder.assetcatalog; path = Assets.xcassets; sourceTree = "<group>"; };
		56FF01C226DE4FD5000EF611 /* Preview Assets.xcassets */ = {isa = PBXFileReference; lastKnownFileType = folder.assetcatalog; path = "Preview Assets.xcassets"; sourceTree = "<group>"; };
		56FF01C426DE4FD5000EF611 /* Info.plist */ = {isa = PBXFileReference; lastKnownFileType = text.plist.xml; path = Info.plist; sourceTree = "<group>"; };
		56FF01CC26DE78C0000EF611 /* HomeView.swift */ = {isa = PBXFileReference; lastKnownFileType = sourcecode.swift; path = HomeView.swift; sourceTree = "<group>"; };
/* End PBXFileReference section */

/* Begin PBXFrameworksBuildPhase section */
		56FF01B526DE4FD1000EF611 /* Frameworks */ = {
			isa = PBXFrameworksBuildPhase;
			buildActionMask = 2147483647;
			files = (
				56E1286826DF738C0054D850 /* Kingfisher in Frameworks */,
			);
			runOnlyForDeploymentPostprocessing = 0;
		};
/* End PBXFrameworksBuildPhase section */

/* Begin PBXGroup section */
		56B20CC526EB9A4C00B5B766 /* VideoPlayer */ = {
			isa = PBXGroup;
			children = (
				56B20CC326EB99B600B5B766 /* SwiftUIVideoView.swift */,
				56B20CC626EB9BB000B5B766 /* VideoPreviewImage.swift */,
			);
			path = VideoPlayer;
			sourceTree = "<group>";
		};
		56C4EC8B26E52B14005132A8 /* HomeViews */ = {
			isa = PBXGroup;
			children = (
				56BEFD3926E1006500EE17DE /* StandardHomeMovie.swift */,
				56FF01CC26DE78C0000EF611 /* HomeView.swift */,
				56E8222E26E24C080013A5EF /* TopMoviePreview.swift */,
			);
			path = HomeViews;
			sourceTree = "<group>";
		};
		56C4EC8C26E52B33005132A8 /* HelperViews */ = {
			isa = PBXGroup;
			children = (
				56E8223326E25D580013A5EF /* SmallVerticalButton.swift */,
				56E8223726E26E860013A5EF /* RectangleButton.swift */,
			);
			path = HelperViews;
			sourceTree = "<group>";
		};
		56C4EC8D26E5539B005132A8 /* MovieDetailViews */ = {
			isa = PBXGroup;
			children = (
				56C4EC8E26E554CD005132A8 /* MovieDetail.swift */,
				56F92E3626E7AFE2004F1AF0 /* CustomTabSwitcher.swift */,
				56F92E3826E7C27B004F1AF0 /* MoreLikeThis.swift */,
				56B20CC826EBA05D00B5B766 /* TrailerList.swift */,
				563E3A4926FB643100F2798E /* EpisodeView.swift */,
			);
			path = MovieDetailViews;
			sourceTree = "<group>";
		};
		56E8223026E25BCA0013A5EF /* Model */ = {
			isa = PBXGroup;
			children = (
				56BEFD3526E1003800EE17DE /* Movie.swift */,
				56D76C2726E61A53008F2751 /* Episode.swift */,
				56B20CC126EB975100B5B766 /* Trailer.swift */,
			);
			path = Model;
			sourceTree = "<group>";
		};
		56E8223126E25BF60013A5EF /* View */ = {
			isa = PBXGroup;
			children = (
				56C4EC8D26E5539B005132A8 /* MovieDetailViews */,
				56C4EC8B26E52B14005132A8 /* HomeViews */,
				56C4EC8C26E52B33005132A8 /* HelperViews */,
				56B20CC526EB9A4C00B5B766 /* VideoPlayer */,
			);
			path = View;
			sourceTree = "<group>";
		};
		56E8223226E25C9F0013A5EF /* Helpers */ = {
			isa = PBXGroup;
			children = (
				56BEFD3726E1004E00EE17DE /* GlobalHelpers.swift */,
			);
			path = Helpers;
			sourceTree = "<group>";
		};
		56FF01AF26DE4FD1000EF611 = {
			isa = PBXGroup;
			children = (
				56FF01BA26DE4FD1000EF611 /* NetflixClone */,
				56FF01B926DE4FD1000EF611 /* Products */,
			);
			sourceTree = "<group>";
		};
		56FF01B926DE4FD1000EF611 /* Products */ = {
			isa = PBXGroup;
			children = (
				56FF01B826DE4FD1000EF611 /* NetflixClone.app */,
			);
			name = Products;
			sourceTree = "<group>";
		};
		56FF01BA26DE4FD1000EF611 /* NetflixClone */ = {
			isa = PBXGroup;
			children = (
				56FF01BB26DE4FD1000EF611 /* NetflixCloneApp.swift */,
				56E8223026E25BCA0013A5EF /* Model */,
				56E8223126E25BF60013A5EF /* View */,
				56BEFD3B26E105E700EE17DE /* HomeVM.swift */,
				56E8223226E25C9F0013A5EF /* Helpers */,
				56FF01C426DE4FD5000EF611 /* Info.plist */,
				56FF01BF26DE4FD5000EF611 /* Assets.xcassets */,
				56FF01C126DE4FD5000EF611 /* Preview Content */,
			);
			path = NetflixClone;
			sourceTree = "<group>";
		};
		56FF01C126DE4FD5000EF611 /* Preview Content */ = {
			isa = PBXGroup;
			children = (
				56FF01C226DE4FD5000EF611 /* Preview Assets.xcassets */,
			);
			path = "Preview Content";
			sourceTree = "<group>";
		};
/* End PBXGroup section */

/* Begin PBXNativeTarget section */
		56FF01B726DE4FD1000EF611 /* NetflixClone */ = {
			isa = PBXNativeTarget;
			buildConfigurationList = 56FF01C726DE4FD5000EF611 /* Build configuration list for PBXNativeTarget "NetflixClone" */;
			buildPhases = (
				56FF01B426DE4FD1000EF611 /* Sources */,
				56FF01B526DE4FD1000EF611 /* Frameworks */,
				56FF01B626DE4FD1000EF611 /* Resources */,
			);
			buildRules = (
			);
			dependencies = (
			);
			name = NetflixClone;
			packageProductDependencies = (
				56E1286726DF738C0054D850 /* Kingfisher */,
			);
			productName = NetflixClone;
			productReference = 56FF01B826DE4FD1000EF611 /* NetflixClone.app */;
			productType = "com.apple.product-type.application";
		};
/* End PBXNativeTarget section */

/* Begin PBXProject section */
		56FF01B026DE4FD1000EF611 /* Project object */ = {
			isa = PBXProject;
			attributes = {
				LastSwiftUpdateCheck = 1250;
				LastUpgradeCheck = 1250;
				TargetAttributes = {
					56FF01B726DE4FD1000EF611 = {
						CreatedOnToolsVersion = 12.5.1;
					};
				};
			};
			buildConfigurationList = 56FF01B326DE4FD1000EF611 /* Build configuration list for PBXProject "NetflixClone" */;
			compatibilityVersion = "Xcode 9.3";
			developmentRegion = en;
			hasScannedForEncodings = 0;
			knownRegions = (
				en,
				Base,
			);
			mainGroup = 56FF01AF26DE4FD1000EF611;
			packageReferences = (
				56E1286626DF738C0054D850 /* XCRemoteSwiftPackageReference "Kingfisher" */,
			);
			productRefGroup = 56FF01B926DE4FD1000EF611 /* Products */;
			projectDirPath = "";
			projectRoot = "";
			targets = (
				56FF01B726DE4FD1000EF611 /* NetflixClone */,
			);
		};
/* End PBXProject section */

/* Begin PBXResourcesBuildPhase section */
		56FF01B626DE4FD1000EF611 /* Resources */ = {
			isa = PBXResourcesBuildPhase;
			buildActionMask = 2147483647;
			files = (
				56FF01C326DE4FD5000EF611 /* Preview Assets.xcassets in Resources */,
				56FF01C026DE4FD5000EF611 /* Assets.xcassets in Resources */,
			);
			runOnlyForDeploymentPostprocessing = 0;
		};
/* End PBXResourcesBuildPhase section */

/* Begin PBXSourcesBuildPhase section */
		56FF01B426DE4FD1000EF611 /* Sources */ = {
			isa = PBXSourcesBuildPhase;
			buildActionMask = 2147483647;
			files = (
				56F92E3926E7C27B004F1AF0 /* MoreLikeThis.swift in Sources */,
				56FF01CD26DE78C0000EF611 /* HomeView.swift in Sources */,
				56BEFD3C26E105E700EE17DE /* HomeVM.swift in Sources */,
				56BEFD3826E1004E00EE17DE /* GlobalHelpers.swift in Sources */,
				56E8223426E25D590013A5EF /* SmallVerticalButton.swift in Sources */,
				56B20CC226EB975100B5B766 /* Trailer.swift in Sources */,
				56E8223826E26E860013A5EF /* RectangleButton.swift in Sources */,
				56B20CC426EB99B600B5B766 /* SwiftUIVideoView.swift in Sources */,
				56B20CC926EBA05D00B5B766 /* TrailerList.swift in Sources */,
				56F92E3726E7AFE2004F1AF0 /* CustomTabSwitcher.swift in Sources */,
				563E3A4A26FB643100F2798E /* EpisodeView.swift in Sources */,
				56D76C2826E61A53008F2751 /* Episode.swift in Sources */,
				56BEFD3626E1003800EE17DE /* Movie.swift in Sources */,
				56E8222F26E24C080013A5EF /* TopMoviePreview.swift in Sources */,
				56C4EC8F26E554CD005132A8 /* MovieDetail.swift in Sources */,
				56BEFD3A26E1006500EE17DE /* StandardHomeMovie.swift in Sources */,
				56B20CC726EB9BB000B5B766 /* VideoPreviewImage.swift in Sources */,
				56FF01BC26DE4FD1000EF611 /* NetflixCloneApp.swift in Sources */,
			);
			runOnlyForDeploymentPostprocessing = 0;
		};
/* End PBXSourcesBuildPhase section */

/* Begin XCBuildConfiguration section */
		56FF01C526DE4FD5000EF611 /* Debug */ = {
			isa = XCBuildConfiguration;
			buildSettings = {
				ALWAYS_SEARCH_USER_PATHS = NO;
				CLANG_ANALYZER_NONNULL = YES;
				CLANG_ANALYZER_NUMBER_OBJECT_CONVERSION = YES_AGGRESSIVE;
				CLANG_CXX_LANGUAGE_STANDARD = "gnu++14";
				CLANG_CXX_LIBRARY = "libc++";
				CLANG_ENABLE_MODULES = YES;
				CLANG_ENABLE_OBJC_ARC = YES;
				CLANG_ENABLE_OBJC_WEAK = YES;
				CLANG_WARN_BLOCK_CAPTURE_AUTORELEASING = YES;
				CLANG_WARN_BOOL_CONVERSION = YES;
				CLANG_WARN_COMMA = YES;
				CLANG_WARN_CONSTANT_CONVERSION = YES;
				CLANG_WARN_DEPRECATED_OBJC_IMPLEMENTATIONS = YES;
				CLANG_WARN_DIRECT_OBJC_ISA_USAGE = YES_ERROR;
				CLANG_WARN_DOCUMENTATION_COMMENTS = YES;
				CLANG_WARN_EMPTY_BODY = YES;
				CLANG_WARN_ENUM_CONVERSION = YES;
				CLANG_WARN_INFINITE_RECURSION = YES;
				CLANG_WARN_INT_CONVERSION = YES;
				CLANG_WARN_NON_LITERAL_NULL_CONVERSION = YES;
				CLANG_WARN_OBJC_IMPLICIT_RETAIN_SELF = YES;
				CLANG_WARN_OBJC_LITERAL_CONVERSION = YES;
				CLANG_WARN_OBJC_ROOT_CLASS = YES_ERROR;
				CLANG_WARN_QUOTED_INCLUDE_IN_FRAMEWORK_HEADER = YES;
				CLANG_WARN_RANGE_LOOP_ANALYSIS = YES;
				CLANG_WARN_STRICT_PROTOTYPES = YES;
				CLANG_WARN_SUSPICIOUS_MOVE = YES;
				CLANG_WARN_UNGUARDED_AVAILABILITY = YES_AGGRESSIVE;
				CLANG_WARN_UNREACHABLE_CODE = YES;
				CLANG_WARN__DUPLICATE_METHOD_MATCH = YES;
				COPY_PHASE_STRIP = NO;
				DEBUG_INFORMATION_FORMAT = dwarf;
				ENABLE_STRICT_OBJC_MSGSEND = YES;
				ENABLE_TESTABILITY = YES;
				GCC_C_LANGUAGE_STANDARD = gnu11;
				GCC_DYNAMIC_NO_PIC = NO;
				GCC_NO_COMMON_BLOCKS = YES;
				GCC_OPTIMIZATION_LEVEL = 0;
				GCC_PREPROCESSOR_DEFINITIONS = (
					"DEBUG=1",
					"$(inherited)",
				);
				GCC_WARN_64_TO_32_BIT_CONVERSION = YES;
				GCC_WARN_ABOUT_RETURN_TYPE = YES_ERROR;
				GCC_WARN_UNDECLARED_SELECTOR = YES;
				GCC_WARN_UNINITIALIZED_AUTOS = YES_AGGRESSIVE;
				GCC_WARN_UNUSED_FUNCTION = YES;
				GCC_WARN_UNUSED_VARIABLE = YES;
				IPHONEOS_DEPLOYMENT_TARGET = 14.5;
				MTL_ENABLE_DEBUG_INFO = INCLUDE_SOURCE;
				MTL_FAST_MATH = YES;
				ONLY_ACTIVE_ARCH = YES;
				SDKROOT = iphoneos;
				SWIFT_ACTIVE_COMPILATION_CONDITIONS = DEBUG;
				SWIFT_OPTIMIZATION_LEVEL = "-Onone";
			};
			name = Debug;
		};
		56FF01C626DE4FD5000EF611 /* Release */ = {
			isa = XCBuildConfiguration;
			buildSettings = {
				ALWAYS_SEARCH_USER_PATHS = NO;
				CLANG_ANALYZER_NONNULL = YES;
				CLANG_ANALYZER_NUMBER_OBJECT_CONVERSION = YES_AGGRESSIVE;
				CLANG_CXX_LANGUAGE_STANDARD = "gnu++14";
				CLANG_CXX_LIBRARY = "libc++";
				CLANG_ENABLE_MODULES = YES;
				CLANG_ENABLE_OBJC_ARC = YES;
				CLANG_ENABLE_OBJC_WEAK = YES;
				CLANG_WARN_BLOCK_CAPTURE_AUTORELEASING = YES;
				CLANG_WARN_BOOL_CONVERSION = YES;
				CLANG_WARN_COMMA = YES;
				CLANG_WARN_CONSTANT_CONVERSION = YES;
				CLANG_WARN_DEPRECATED_OBJC_IMPLEMENTATIONS = YES;
				CLANG_WARN_DIRECT_OBJC_ISA_USAGE = YES_ERROR;
				CLANG_WARN_DOCUMENTATION_COMMENTS = YES;
				CLANG_WARN_EMPTY_BODY = YES;
				CLANG_WARN_ENUM_CONVERSION = YES;
				CLANG_WARN_INFINITE_RECURSION = YES;
				CLANG_WARN_INT_CONVERSION = YES;
				CLANG_WARN_NON_LITERAL_NULL_CONVERSION = YES;
				CLANG_WARN_OBJC_IMPLICIT_RETAIN_SELF = YES;
				CLANG_WARN_OBJC_LITERAL_CONVERSION = YES;
				CLANG_WARN_OBJC_ROOT_CLASS = YES_ERROR;
				CLANG_WARN_QUOTED_INCLUDE_IN_FRAMEWORK_HEADER = YES;
				CLANG_WARN_RANGE_LOOP_ANALYSIS = YES;
				CLANG_WARN_STRICT_PROTOTYPES = YES;
				CLANG_WARN_SUSPICIOUS_MOVE = YES;
				CLANG_WARN_UNGUARDED_AVAILABILITY = YES_AGGRESSIVE;
				CLANG_WARN_UNREACHABLE_CODE = YES;
				CLANG_WARN__DUPLICATE_METHOD_MATCH = YES;
				COPY_PHASE_STRIP = NO;
				DEBUG_INFORMATION_FORMAT = "dwarf-with-dsym";
				ENABLE_NS_ASSERTIONS = NO;
				ENABLE_STRICT_OBJC_MSGSEND = YES;
				GCC_C_LANGUAGE_STANDARD = gnu11;
				GCC_NO_COMMON_BLOCKS = YES;
				GCC_WARN_64_TO_32_BIT_CONVERSION = YES;
				GCC_WARN_ABOUT_RETURN_TYPE = YES_ERROR;
				GCC_WARN_UNDECLARED_SELECTOR = YES;
				GCC_WARN_UNINITIALIZED_AUTOS = YES_AGGRESSIVE;
				GCC_WARN_UNUSED_FUNCTION = YES;
				GCC_WARN_UNUSED_VARIABLE = YES;
				IPHONEOS_DEPLOYMENT_TARGET = 14.5;
				MTL_ENABLE_DEBUG_INFO = NO;
				MTL_FAST_MATH = YES;
				SDKROOT = iphoneos;
				SWIFT_COMPILATION_MODE = wholemodule;
				SWIFT_OPTIMIZATION_LEVEL = "-O";
				VALIDATE_PRODUCT = YES;
			};
			name = Release;
		};
		56FF01C826DE4FD5000EF611 /* Debug */ = {
			isa = XCBuildConfiguration;
			buildSettings = {
				ASSETCATALOG_COMPILER_APPICON_NAME = AppIcon;
				ASSETCATALOG_COMPILER_GLOBAL_ACCENT_COLOR_NAME = AccentColor;
				CODE_SIGN_STYLE = Automatic;
				DEVELOPMENT_ASSET_PATHS = "\"NetflixClone/Preview Content\"";
				DEVELOPMENT_TEAM = LZ48EUAGT7;
				ENABLE_PREVIEWS = YES;
				INFOPLIST_FILE = NetflixClone/Info.plist;
				IPHONEOS_DEPLOYMENT_TARGET = 14.0;
				LD_RUNPATH_SEARCH_PATHS = (
					"$(inherited)",
					"@executable_path/Frameworks",
				);
				PRODUCT_BUNDLE_IDENTIFIER = com.mootalabs.NetflixClone;
				PRODUCT_NAME = "$(TARGET_NAME)";
				SWIFT_VERSION = 5.0;
				TARGETED_DEVICE_FAMILY = "1,2";
			};
			name = Debug;
		};
		56FF01C926DE4FD5000EF611 /* Release */ = {
			isa = XCBuildConfiguration;
			buildSettings = {
				ASSETCATALOG_COMPILER_APPICON_NAME = AppIcon;
				ASSETCATALOG_COMPILER_GLOBAL_ACCENT_COLOR_NAME = AccentColor;
				CODE_SIGN_STYLE = Automatic;
				DEVELOPMENT_ASSET_PATHS = "\"NetflixClone/Preview Content\"";
				DEVELOPMENT_TEAM = LZ48EUAGT7;
				ENABLE_PREVIEWS = YES;
				INFOPLIST_FILE = NetflixClone/Info.plist;
				IPHONEOS_DEPLOYMENT_TARGET = 14.0;
				LD_RUNPATH_SEARCH_PATHS = (
					"$(inherited)",
					"@executable_path/Frameworks",
				);
				PRODUCT_BUNDLE_IDENTIFIER = com.mootalabs.NetflixClone;
				PRODUCT_NAME = "$(TARGET_NAME)";
				SWIFT_VERSION = 5.0;
				TARGETED_DEVICE_FAMILY = "1,2";
			};
			name = Release;
		};
/* End XCBuildConfiguration section */

/* Begin XCConfigurationList section */
		56FF01B326DE4FD1000EF611 /* Build configuration list for PBXProject "NetflixClone" */ = {
			isa = XCConfigurationList;
			buildConfigurations = (
				56FF01C526DE4FD5000EF611 /* Debug */,
				56FF01C626DE4FD5000EF611 /* Release */,
			);
			defaultConfigurationIsVisible = 0;
			defaultConfigurationName = Release;
		};
		56FF01C726DE4FD5000EF611 /* Build configuration list for PBXNativeTarget "NetflixClone" */ = {
			isa = XCConfigurationList;
			buildConfigurations = (
				56FF01C826DE4FD5000EF611 /* Debug */,
				56FF01C926DE4FD5000EF611 /* Release */,
			);
			defaultConfigurationIsVisible = 0;
			defaultConfigurationName = Release;
		};
/* End XCConfigurationList section */

/* Begin XCRemoteSwiftPackageReference section */
		56E1286626DF738C0054D850 /* XCRemoteSwiftPackageReference "Kingfisher" */ = {
			isa = XCRemoteSwiftPackageReference;
			repositoryURL = "https://github.com/onevcat/Kingfisher";
			requirement = {
				kind = upToNextMajorVersion;
				minimumVersion = 6.3.1;
			};
		};
/* End XCRemoteSwiftPackageReference section */

/* Begin XCSwiftPackageProductDependency section */
		56E1286726DF738C0054D850 /* Kingfisher */ = {
			isa = XCSwiftPackageProductDependency;
			package = 56E1286626DF738C0054D850 /* XCRemoteSwiftPackageReference "Kingfisher" */;
			productName = Kingfisher;
		};
/* End XCSwiftPackageProductDependency section */
	};
	rootObject = 56FF01B026DE4FD1000EF611 /* Project object */;
}
